
Microsoft Visual Studio Solution File, Format Version 12.00
# Visual Studio Version 17
VisualStudioVersion = 17.12.35527.113
MinimumVisualStudioVersion = 10.0.40219.1
Project("{2150E333-8FDC-42A3-9474-1A3956D46DE8}") = "1. Enterprise Business Rules", "1. Enterprise Business Rules", "{2EDDACEB-4EF6-4C1A-B596-AE6F8E6702F4}"
EndProject
Project("{2150E333-8FDC-42A3-9474-1A3956D46DE8}") = "2. Application Business Rules", "2. Application Business Rules", "{701484D0-6F25-4887-A884-DEAB9B39030F}"
EndProject
Project("{2150E333-8FDC-42A3-9474-1A3956D46DE8}") = "3. Interface Adapters", "3. Interface Adapters", "{7B51838A-D50E-409A-9790-77F2AA4FE6B9}"
EndProject
Project("{2150E333-8FDC-42A3-9474-1A3956D46DE8}") = "4. Frameworks And Drivers", "4. Frameworks And Drivers", "{29A5222E-21BD-4BDA-8039-89FCCB9478FC}"
EndProject
Project("{FAE04EC0-301F-11D3-BF4B-00C04F79EFBC}") = "AppStore.Entities", "AppStore.Entities\AppStore.Entities.csproj", "{F4150084-5F18-46DA-A355-1099B17CD98D}"
EndProject
Project("{FAE04EC0-301F-11D3-BF4B-00C04F79EFBC}") = "AppStore.Backend.BusinessObjects", "AppStore.Backend.BusinessObjects\AppStore.Backend.BusinessObjects.csproj", "{E65D7B36-DCD3-493C-97C5-4C1AE61D9561}"
EndProject
Project("{FAE04EC0-301F-11D3-BF4B-00C04F79EFBC}") = "AppStore.Backend.UseCases", "AppStore.Backend.UseCases\AppStore.Backend.UseCases.csproj", "{40D45244-5C6D-4213-8ED1-555D92D8B3F4}"
EndProject
Project("{2150E333-8FDC-42A3-9474-1A3956D46DE8}") = "Gateways", "Gateways", "{22C89ADC-740F-4B55-B344-109D6DFB0A84}"
EndProject
Project("{2150E333-8FDC-42A3-9474-1A3956D46DE8}") = "Repositories", "Repositories", "{63B8CF04-4089-4F91-AF8E-6F655D999F69}"
EndProject
Project("{FAE04EC0-301F-11D3-BF4B-00C04F79EFBC}") = "AppStore.Backend.Repositories", "AppStore.Backend.Repositories\AppStore.Backend.Repositories.csproj", "{806C18D8-D627-4C2B-90E2-EF1E8AB08EA9}"
EndProject
Project("{2150E333-8FDC-42A3-9474-1A3956D46DE8}") = "Presenters", "Presenters", "{43F357CB-B1BB-47E8-9345-B39BA496CEC5}"
EndProject
Project("{FAE04EC0-301F-11D3-BF4B-00C04F79EFBC}") = "AppStore.Backend.Presenters", "AppStore.Backend.Presenters\AppStore.Backend.Presenters.csproj", "{7F4B22EC-8999-4561-B4FD-CB4FBD5B58F4}"
EndProject
Project("{2150E333-8FDC-42A3-9474-1A3956D46DE8}") = "Controllers", "Controllers", "{03005B0E-81CA-46D1-8D48-E9D6DCEAB0B4}"
EndProject
Project("{FAE04EC0-301F-11D3-BF4B-00C04F79EFBC}") = "AppStore.Backend.Controllers", "AppStore.Backend.Controllers\AppStore.Backend.Controllers.csproj", "{2EFDD186-CF4D-4BEE-84B5-A0F964B111F3}"
EndProject
Project("{2150E333-8FDC-42A3-9474-1A3956D46DE8}") = "DataContexts", "DataContexts", "{22423388-1DC4-4CA9-9B53-CE0FA02249FF}"
EndProject
Project("{FAE04EC0-301F-11D3-BF4B-00C04F79EFBC}") = "AppStore.Backend.DataContexts.EFCore", "AppStore.Backend.DataContexts.EFCore\AppStore.Backend.DataContexts.EFCore.csproj", "{0C233726-D1E0-4082-85D6-E5538D9A53FB}"
EndProject
Project("{2150E333-8FDC-42A3-9474-1A3956D46DE8}") = "IoC", "IoC", "{2945B757-6230-4D24-8F33-4894850E6F8A}"
EndProject
Project("{FAE04EC0-301F-11D3-BF4B-00C04F79EFBC}") = "AppStore.Backend.IoC", "AppStore.Backend.IoC\AppStore.Backend.IoC.csproj", "{B0E0708D-0CFB-4317-AB95-A9DFB3626BF9}"
EndProject
Project("{2150E333-8FDC-42A3-9474-1A3956D46DE8}") = "UI", "UI", "{8E5E64B5-2B1D-4D88-B86B-299C64BBF05C}"
EndProject
Project("{FAE04EC0-301F-11D3-BF4B-00C04F79EFBC}") = "AppStore.WebApi", "AppStore.WebApi\AppStore.WebApi.csproj", "{8DBDA915-2A09-49B3-88F5-740390A63093}"
EndProject
Project("{FAE04EC0-301F-11D3-BF4B-00C04F79EFBC}") = "AppStore.Frontend.BusinessObjects", "AppStore.Frontend.BusinessObjects\AppStore.Frontend.BusinessObjects.csproj", "{C4737402-710B-41B1-A749-431C0AC1C0D6}"
EndProject
Project("{2150E333-8FDC-42A3-9474-1A3956D46DE8}") = "WebApiGateways", "WebApiGateways", "{CD15BE7E-E8D0-487A-A9DD-AD54AA3F3486}"
EndProject
Project("{FAE04EC0-301F-11D3-BF4B-00C04F79EFBC}") = "AppStore.Frontend.WebApiGateways", "AppStore.Frontend.WebApiGateways\AppStore.Frontend.WebApiGateways.csproj", "{A5D7DBCC-FA81-4C3A-A079-06ABC945F553}"
EndProject
Project("{2150E333-8FDC-42A3-9474-1A3956D46DE8}") = "Views", "Views", "{7384F8C8-C286-48B0-8F07-03A6F9F4C026}"
EndProject
Project("{FAE04EC0-301F-11D3-BF4B-00C04F79EFBC}") = "AppStore.RazorComponents", "AppStore.RazorComponents\AppStore.RazorComponents.csproj", "{5C91DC6E-DC20-42B4-95F7-B24305D16E2F}"
EndProject
Project("{FAE04EC0-301F-11D3-BF4B-00C04F79EFBC}") = "AppStore.Frontend.Views", "AppStore.Frontend.Views\AppStore.Frontend.Views.csproj", "{007B0679-F84A-4792-908F-8990217A3093}"
EndProject
Project("{FAE04EC0-301F-11D3-BF4B-00C04F79EFBC}") = "AppStore.Frontend.IoC", "AppStore.Frontend.IoC\AppStore.Frontend.IoC.csproj", "{CDE90353-7BD4-44F7-AE4D-085F6A5985A1}"
EndProject
Project("{FAE04EC0-301F-11D3-BF4B-00C04F79EFBC}") = "AppStore.BlazorClient", "AppStore.BlazorClient\AppStore.BlazorClient.csproj", "{2F2FE18D-BE0B-44DB-8FB8-B20FDA0FDB50}"
EndProject
Project("{FAE04EC0-301F-11D3-BF4B-00C04F79EFBC}") = "AppStore.Validation.Entities", "AppStore.Validation.Entities\AppStore.Validation.Entities.csproj", "{7D23AE4B-3C67-44F2-A801-030A1717C795}"
EndProject
Project("{2150E333-8FDC-42A3-9474-1A3956D46DE8}") = "Libraries", "Libraries", "{105551D2-8131-4419-A05F-6542E2A69932}"
EndProject
Project("{FAE04EC0-301F-11D3-BF4B-00C04F79EFBC}") = "AppStore.ValidationService.FluentValidation", "AppStore.ValidationService.FluentValidation\AppStore.ValidationService.FluentValidation.csproj", "{4DF78E8A-0F35-49AB-9661-6FF225DFFA75}"
EndProject
Project("{FAE04EC0-301F-11D3-BF4B-00C04F79EFBC}") = "AppStore.Validators.Entities", "AppStore.Validators.Entities\AppStore.Validators.Entities.csproj", "{F82DB5D0-8CBE-4FB0-B14F-826BD777E021}"
EndProject
Global
	GlobalSection(SolutionConfigurationPlatforms) = preSolution
		Debug|Any CPU = Debug|Any CPU
		Release|Any CPU = Release|Any CPU
	EndGlobalSection
	GlobalSection(ProjectConfigurationPlatforms) = postSolution
		{F4150084-5F18-46DA-A355-1099B17CD98D}.Debug|Any CPU.ActiveCfg = Debug|Any CPU
		{F4150084-5F18-46DA-A355-1099B17CD98D}.Debug|Any CPU.Build.0 = Debug|Any CPU
		{F4150084-5F18-46DA-A355-1099B17CD98D}.Release|Any CPU.ActiveCfg = Release|Any CPU
		{F4150084-5F18-46DA-A355-1099B17CD98D}.Release|Any CPU.Build.0 = Release|Any CPU
		{E65D7B36-DCD3-493C-97C5-4C1AE61D9561}.Debug|Any CPU.ActiveCfg = Debug|Any CPU
		{E65D7B36-DCD3-493C-97C5-4C1AE61D9561}.Debug|Any CPU.Build.0 = Debug|Any CPU
		{E65D7B36-DCD3-493C-97C5-4C1AE61D9561}.Release|Any CPU.ActiveCfg = Release|Any CPU
		{E65D7B36-DCD3-493C-97C5-4C1AE61D9561}.Release|Any CPU.Build.0 = Release|Any CPU
		{40D45244-5C6D-4213-8ED1-555D92D8B3F4}.Debug|Any CPU.ActiveCfg = Debug|Any CPU
		{40D45244-5C6D-4213-8ED1-555D92D8B3F4}.Debug|Any CPU.Build.0 = Debug|Any CPU
		{40D45244-5C6D-4213-8ED1-555D92D8B3F4}.Release|Any CPU.ActiveCfg = Release|Any CPU
		{40D45244-5C6D-4213-8ED1-555D92D8B3F4}.Release|Any CPU.Build.0 = Release|Any CPU
		{806C18D8-D627-4C2B-90E2-EF1E8AB08EA9}.Debug|Any CPU.ActiveCfg = Debug|Any CPU
		{806C18D8-D627-4C2B-90E2-EF1E8AB08EA9}.Debug|Any CPU.Build.0 = Debug|Any CPU
		{806C18D8-D627-4C2B-90E2-EF1E8AB08EA9}.Release|Any CPU.ActiveCfg = Release|Any CPU
		{806C18D8-D627-4C2B-90E2-EF1E8AB08EA9}.Release|Any CPU.Build.0 = Release|Any CPU
		{7F4B22EC-8999-4561-B4FD-CB4FBD5B58F4}.Debug|Any CPU.ActiveCfg = Debug|Any CPU
		{7F4B22EC-8999-4561-B4FD-CB4FBD5B58F4}.Debug|Any CPU.Build.0 = Debug|Any CPU
		{7F4B22EC-8999-4561-B4FD-CB4FBD5B58F4}.Release|Any CPU.ActiveCfg = Release|Any CPU
		{7F4B22EC-8999-4561-B4FD-CB4FBD5B58F4}.Release|Any CPU.Build.0 = Release|Any CPU
		{2EFDD186-CF4D-4BEE-84B5-A0F964B111F3}.Debug|Any CPU.ActiveCfg = Debug|Any CPU
		{2EFDD186-CF4D-4BEE-84B5-A0F964B111F3}.Debug|Any CPU.Build.0 = Debug|Any CPU
		{2EFDD186-CF4D-4BEE-84B5-A0F964B111F3}.Release|Any CPU.ActiveCfg = Release|Any CPU
		{2EFDD186-CF4D-4BEE-84B5-A0F964B111F3}.Release|Any CPU.Build.0 = Release|Any CPU
		{0C233726-D1E0-4082-85D6-E5538D9A53FB}.Debug|Any CPU.ActiveCfg = Debug|Any CPU
		{0C233726-D1E0-4082-85D6-E5538D9A53FB}.Debug|Any CPU.Build.0 = Debug|Any CPU
		{0C233726-D1E0-4082-85D6-E5538D9A53FB}.Release|Any CPU.ActiveCfg = Release|Any CPU
		{0C233726-D1E0-4082-85D6-E5538D9A53FB}.Release|Any CPU.Build.0 = Release|Any CPU
		{B0E0708D-0CFB-4317-AB95-A9DFB3626BF9}.Debug|Any CPU.ActiveCfg = Debug|Any CPU
		{B0E0708D-0CFB-4317-AB95-A9DFB3626BF9}.Debug|Any CPU.Build.0 = Debug|Any CPU
		{B0E0708D-0CFB-4317-AB95-A9DFB3626BF9}.Release|Any CPU.ActiveCfg = Release|Any CPU
		{B0E0708D-0CFB-4317-AB95-A9DFB3626BF9}.Release|Any CPU.Build.0 = Release|Any CPU
		{8DBDA915-2A09-49B3-88F5-740390A63093}.Debug|Any CPU.ActiveCfg = Debug|Any CPU
		{8DBDA915-2A09-49B3-88F5-740390A63093}.Debug|Any CPU.Build.0 = Debug|Any CPU
		{8DBDA915-2A09-49B3-88F5-740390A63093}.Release|Any CPU.ActiveCfg = Release|Any CPU
		{8DBDA915-2A09-49B3-88F5-740390A63093}.Release|Any CPU.Build.0 = Release|Any CPU
		{C4737402-710B-41B1-A749-431C0AC1C0D6}.Debug|Any CPU.ActiveCfg = Debug|Any CPU
		{C4737402-710B-41B1-A749-431C0AC1C0D6}.Debug|Any CPU.Build.0 = Debug|Any CPU
		{C4737402-710B-41B1-A749-431C0AC1C0D6}.Release|Any CPU.ActiveCfg = Release|Any CPU
		{C4737402-710B-41B1-A749-431C0AC1C0D6}.Release|Any CPU.Build.0 = Release|Any CPU
		{A5D7DBCC-FA81-4C3A-A079-06ABC945F553}.Debug|Any CPU.ActiveCfg = Debug|Any CPU
		{A5D7DBCC-FA81-4C3A-A079-06ABC945F553}.Debug|Any CPU.Build.0 = Debug|Any CPU
		{A5D7DBCC-FA81-4C3A-A079-06ABC945F553}.Release|Any CPU.ActiveCfg = Release|Any CPU
		{A5D7DBCC-FA81-4C3A-A079-06ABC945F553}.Release|Any CPU.Build.0 = Release|Any CPU
		{5C91DC6E-DC20-42B4-95F7-B24305D16E2F}.Debug|Any CPU.ActiveCfg = Debug|Any CPU
		{5C91DC6E-DC20-42B4-95F7-B24305D16E2F}.Debug|Any CPU.Build.0 = Debug|Any CPU
		{5C91DC6E-DC20-42B4-95F7-B24305D16E2F}.Release|Any CPU.ActiveCfg = Release|Any CPU
		{5C91DC6E-DC20-42B4-95F7-B24305D16E2F}.Release|Any CPU.Build.0 = Release|Any CPU
		{007B0679-F84A-4792-908F-8990217A3093}.Debug|Any CPU.ActiveCfg = Debug|Any CPU
		{007B0679-F84A-4792-908F-8990217A3093}.Debug|Any CPU.Build.0 = Debug|Any CPU
		{007B0679-F84A-4792-908F-8990217A3093}.Release|Any CPU.ActiveCfg = Release|Any CPU
		{007B0679-F84A-4792-908F-8990217A3093}.Release|Any CPU.Build.0 = Release|Any CPU
		{CDE90353-7BD4-44F7-AE4D-085F6A5985A1}.Debug|Any CPU.ActiveCfg = Debug|Any CPU
		{CDE90353-7BD4-44F7-AE4D-085F6A5985A1}.Debug|Any CPU.Build.0 = Debug|Any CPU
		{CDE90353-7BD4-44F7-AE4D-085F6A5985A1}.Release|Any CPU.ActiveCfg = Release|Any CPU
		{CDE90353-7BD4-44F7-AE4D-085F6A5985A1}.Release|Any CPU.Build.0 = Release|Any CPU
		{2F2FE18D-BE0B-44DB-8FB8-B20FDA0FDB50}.Debug|Any CPU.ActiveCfg = Debug|Any CPU
		{2F2FE18D-BE0B-44DB-8FB8-B20FDA0FDB50}.Debug|Any CPU.Build.0 = Debug|Any CPU
		{2F2FE18D-BE0B-44DB-8FB8-B20FDA0FDB50}.Release|Any CPU.ActiveCfg = Release|Any CPU
		{2F2FE18D-BE0B-44DB-8FB8-B20FDA0FDB50}.Release|Any CPU.Build.0 = Release|Any CPU
		{7D23AE4B-3C67-44F2-A801-030A1717C795}.Debug|Any CPU.ActiveCfg = Debug|Any CPU
		{7D23AE4B-3C67-44F2-A801-030A1717C795}.Debug|Any CPU.Build.0 = Debug|Any CPU
		{7D23AE4B-3C67-44F2-A801-030A1717C795}.Release|Any CPU.ActiveCfg = Release|Any CPU
		{7D23AE4B-3C67-44F2-A801-030A1717C795}.Release|Any CPU.Build.0 = Release|Any CPU
		{4DF78E8A-0F35-49AB-9661-6FF225DFFA75}.Debug|Any CPU.ActiveCfg = Debug|Any CPU
		{4DF78E8A-0F35-49AB-9661-6FF225DFFA75}.Debug|Any CPU.Build.0 = Debug|Any CPU
		{4DF78E8A-0F35-49AB-9661-6FF225DFFA75}.Release|Any CPU.ActiveCfg = Release|Any CPU
		{4DF78E8A-0F35-49AB-9661-6FF225DFFA75}.Release|Any CPU.Build.0 = Release|Any CPU
		{F82DB5D0-8CBE-4FB0-B14F-826BD777E021}.Debug|Any CPU.ActiveCfg = Debug|Any CPU
		{F82DB5D0-8CBE-4FB0-B14F-826BD777E021}.Debug|Any CPU.Build.0 = Debug|Any CPU
		{F82DB5D0-8CBE-4FB0-B14F-826BD777E021}.Release|Any CPU.ActiveCfg = Release|Any CPU
		{F82DB5D0-8CBE-4FB0-B14F-826BD777E021}.Release|Any CPU.Build.0 = Release|Any CPU
	EndGlobalSection
	GlobalSection(SolutionProperties) = preSolution
		HideSolutionNode = FALSE
	EndGlobalSection
	GlobalSection(NestedProjects) = preSolution
		{F4150084-5F18-46DA-A355-1099B17CD98D} = {2EDDACEB-4EF6-4C1A-B596-AE6F8E6702F4}
		{E65D7B36-DCD3-493C-97C5-4C1AE61D9561} = {701484D0-6F25-4887-A884-DEAB9B39030F}
		{40D45244-5C6D-4213-8ED1-555D92D8B3F4} = {701484D0-6F25-4887-A884-DEAB9B39030F}
		{22C89ADC-740F-4B55-B344-109D6DFB0A84} = {7B51838A-D50E-409A-9790-77F2AA4FE6B9}
		{63B8CF04-4089-4F91-AF8E-6F655D999F69} = {22C89ADC-740F-4B55-B344-109D6DFB0A84}
		{806C18D8-D627-4C2B-90E2-EF1E8AB08EA9} = {63B8CF04-4089-4F91-AF8E-6F655D999F69}
		{43F357CB-B1BB-47E8-9345-B39BA496CEC5} = {7B51838A-D50E-409A-9790-77F2AA4FE6B9}
		{7F4B22EC-8999-4561-B4FD-CB4FBD5B58F4} = {43F357CB-B1BB-47E8-9345-B39BA496CEC5}
		{03005B0E-81CA-46D1-8D48-E9D6DCEAB0B4} = {7B51838A-D50E-409A-9790-77F2AA4FE6B9}
		{2EFDD186-CF4D-4BEE-84B5-A0F964B111F3} = {03005B0E-81CA-46D1-8D48-E9D6DCEAB0B4}
		{22423388-1DC4-4CA9-9B53-CE0FA02249FF} = {29A5222E-21BD-4BDA-8039-89FCCB9478FC}
		{0C233726-D1E0-4082-85D6-E5538D9A53FB} = {22423388-1DC4-4CA9-9B53-CE0FA02249FF}
		{2945B757-6230-4D24-8F33-4894850E6F8A} = {29A5222E-21BD-4BDA-8039-89FCCB9478FC}
		{B0E0708D-0CFB-4317-AB95-A9DFB3626BF9} = {2945B757-6230-4D24-8F33-4894850E6F8A}
		{8E5E64B5-2B1D-4D88-B86B-299C64BBF05C} = {29A5222E-21BD-4BDA-8039-89FCCB9478FC}
		{8DBDA915-2A09-49B3-88F5-740390A63093} = {8E5E64B5-2B1D-4D88-B86B-299C64BBF05C}
		{C4737402-710B-41B1-A749-431C0AC1C0D6} = {701484D0-6F25-4887-A884-DEAB9B39030F}
		{CD15BE7E-E8D0-487A-A9DD-AD54AA3F3486} = {22C89ADC-740F-4B55-B344-109D6DFB0A84}
		{A5D7DBCC-FA81-4C3A-A079-06ABC945F553} = {CD15BE7E-E8D0-487A-A9DD-AD54AA3F3486}
		{7384F8C8-C286-48B0-8F07-03A6F9F4C026} = {7B51838A-D50E-409A-9790-77F2AA4FE6B9}
		{5C91DC6E-DC20-42B4-95F7-B24305D16E2F} = {7384F8C8-C286-48B0-8F07-03A6F9F4C026}
		{007B0679-F84A-4792-908F-8990217A3093} = {7384F8C8-C286-48B0-8F07-03A6F9F4C026}
		{CDE90353-7BD4-44F7-AE4D-085F6A5985A1} = {2945B757-6230-4D24-8F33-4894850E6F8A}
		{2F2FE18D-BE0B-44DB-8FB8-B20FDA0FDB50} = {8E5E64B5-2B1D-4D88-B86B-299C64BBF05C}
		{7D23AE4B-3C67-44F2-A801-030A1717C795} = {2EDDACEB-4EF6-4C1A-B596-AE6F8E6702F4}
		{105551D2-8131-4419-A05F-6542E2A69932} = {29A5222E-21BD-4BDA-8039-89FCCB9478FC}
		{4DF78E8A-0F35-49AB-9661-6FF225DFFA75} = {105551D2-8131-4419-A05F-6542E2A69932}
		{F82DB5D0-8CBE-4FB0-B14F-826BD777E021} = {2EDDACEB-4EF6-4C1A-B596-AE6F8E6702F4}
	EndGlobalSection
EndGlobal
